
Microsoft Visual Studio Solution File, Format Version 12.00
# Visual Studio Version 17
VisualStudioVersion = 17.4.33213.308
MinimumVisualStudioVersion = 10.0.40219.1
Project("{FAE04EC0-301F-11D3-BF4B-00C04F79EFBC}") = "ClassLibraryPassword", "ClassLibrary1\ClassLibraryPassword.csproj", "{D3F2F1C6-55AF-445D-9266-0329F2B1DA7C}"
EndProject
Project("{FAE04EC0-301F-11D3-BF4B-00C04F79EFBC}") = "ClassLibraryPasswordTests", "ClassLibraryPasswordTests\ClassLibraryPasswordTests.csproj", "{D13E582A-9BF9-40D9-B184-572A48D72959}"
EndProject
Project("{FAE04EC0-301F-11D3-BF4B-00C04F79EFBC}") = "ClassLibraryPasswordTests1", "ClassLibraryPasswordTests1\ClassLibraryPasswordTests1.csproj", "{CF350B3D-AD3B-46E8-B864-02AD39E02426}"
EndProject
Global
	GlobalSection(SolutionConfigurationPlatforms) = preSolution
		Debug|Any CPU = Debug|Any CPU
		Release|Any CPU = Release|Any CPU
	EndGlobalSection
	GlobalSection(ProjectConfigurationPlatforms) = postSolution
		{D3F2F1C6-55AF-445D-9266-0329F2B1DA7C}.Debug|Any CPU.ActiveCfg = Debug|Any CPU
		{D3F2F1C6-55AF-445D-9266-0329F2B1DA7C}.Debug|Any CPU.Build.0 = Debug|Any CPU
		{D3F2F1C6-55AF-445D-9266-0329F2B1DA7C}.Release|Any CPU.ActiveCfg = Release|Any CPU
		{D3F2F1C6-55AF-445D-9266-0329F2B1DA7C}.Release|Any CPU.Build.0 = Release|Any CPU
		{D13E582A-9BF9-40D9-B184-572A48D72959}.Debug|Any CPU.ActiveCfg = Debug|Any CPU
		{D13E582A-9BF9-40D9-B184-572A48D72959}.Debug|Any CPU.Build.0 = Debug|Any CPU
		{D13E582A-9BF9-40D9-B184-572A48D72959}.Release|Any CPU.ActiveCfg = Release|Any CPU
		{D13E582A-9BF9-40D9-B184-572A48D72959}.Release|Any CPU.Build.0 = Release|Any CPU
		{CF350B3D-AD3B-46E8-B864-02AD39E02426}.Debug|Any CPU.ActiveCfg = Debug|Any CPU
		{CF350B3D-AD3B-46E8-B864-02AD39E02426}.Debug|Any CPU.Build.0 = Debug|Any CPU
		{CF350B3D-AD3B-46E8-B864-02AD39E02426}.Release|Any CPU.ActiveCfg = Release|Any CPU
		{CF350B3D-AD3B-46E8-B864-02AD39E02426}.Release|Any CPU.Build.0 = Release|Any CPU
	EndGlobalSection
	GlobalSection(SolutionProperties) = preSolution
		HideSolutionNode = FALSE
	EndGlobalSection
	GlobalSection(ExtensibilityGlobals) = postSolution
		SolutionGuid = {61C595D7-A212-4A43-BDFE-56804BB75E34}
	EndGlobalSection
EndGlobal
